
Microsoft Visual Studio Solution File, Format Version 12.00
# Visual Studio Version 16
VisualStudioVersion = 16.0.32802.440
MinimumVisualStudioVersion = 10.0.40219.1
Project("{FAE04EC0-301F-11D3-BF4B-00C04F79EFBC}") = "GDTD", "GDTD\GDTD.csproj", "{D1A6978E-B0CD-49F0-9643-0B4E99D7A8D7}"
EndProject
Global
	GlobalSection(SolutionConfigurationPlatforms) = preSolution
		Debug|Any CPU = Debug|Any CPU
		Release|Any CPU = Release|Any CPU
	EndGlobalSection
	GlobalSection(ProjectConfigurationPlatforms) = postSolution
		{D1A6978E-B0CD-49F0-9643-0B4E99D7A8D7}.Debug|Any CPU.ActiveCfg = Debug|Any CPU
		{D1A6978E-B0CD-49F0-9643-0B4E99D7A8D7}.Debug|Any CPU.Build.0 = Debug|Any CPU
		{D1A6978E-B0CD-49F0-9643-0B4E99D7A8D7}.Release|Any CPU.ActiveCfg = Release|Any CPU
		{D1A6978E-B0CD-49F0-9643-0B4E99D7A8D7}.Release|Any CPU.Build.0 = Release|Any CPU
	EndGlobalSection
	GlobalSection(SolutionProperties) = preSolution
		HideSolutionNode = FALSE
	EndGlobalSection
	GlobalSection(ExtensibilityGlobals) = postSolution
		SolutionGuid = {A86B0937-8480-442F-947B-5DDC775DC3E8}
	EndGlobalSection
EndGlobal
